PODS:
  - ActionKit (2.3.2)
  - AGAudioPlayer (0.8.0):
    - BASSGaplessAudioPlayer
    - BCColor
    - Interpolate
    - MarqueeLabel
    - NapySlider
  - AXRatingView (1.0.6)
  - BASSGaplessAudioPlayer (0.0.1)
  - BCColor (0.2)
  - Cache (5.1.0)
  - ChameleonFramework (2.1.0):
    - ChameleonFramework/Default (= 2.1.0)
  - ChameleonFramework/Default (2.1.0)
  - CleanroomLogger (6.0.2)
  - Crashlytics (3.10.7):
    - Fabric (~> 1.7.11)
  - CWStatusBarNotification (2.3.5)
  - DownloadButton (0.1.2)
  - DWURecyclingAlert (1.0.2)
  - EDColor (1.0.1)
  - Fabric (1.7.11)
  - FastImageCache (1.5.1)
  - FaveButton (2.0.4)
  - Interpolate (1.0.0)
  - KASlideShow (3.0.0):
    - SDWebImage (~> 3.8)
  - KissXML (5.0.3):
    - KissXML/Standard (= 5.0.3)
  - KissXML/Core (5.0.3)
  - KissXML/Standard (5.0.3):
    - KissXML/Core
  - LastFm (1.17.0):
    - KissXML (~> 5.0.3)
  - LayoutKit (9.0.0)
  - LicensesViewController (0.6.5)
  - MarqueeLabel (3.1.6):
    - MarqueeLabel/ObjC (= 3.1.6)
  - MarqueeLabel/ObjC (3.1.6)
  - MZDownloadManager (3.4)
  - NAKPlaybackIndicatorView (0.1.1)
  - NapySlider (0.3.4)
  - Observable (1.3.3)
  - PINCache (3.0.1-beta.6):
    - PINCache/Arc-exception-safe (= 3.0.1-beta.6)
    - PINCache/Core (= 3.0.1-beta.6)
  - PINCache/Arc-exception-safe (3.0.1-beta.6):
    - PINCache/Core
  - PINCache/Core (3.0.1-beta.6):
    - PINOperation (~> 1.1.0)
  - PINOperation (1.1.1)
  - PinpointKit (1.2.0):
    - PinpointKit/Core (= 1.2.0)
  - PinpointKit/Core (1.2.0)
  - PinpointKit/ScreenshotDetector (1.2.0)
  - PINRemoteImage/Core (3.0.0-beta.13):
    - PINOperation
  - PINRemoteImage/iOS (3.0.0-beta.13):
    - PINRemoteImage/Core
  - PINRemoteImage/PINCache (3.0.0-beta.13):
    - PINCache (= 3.0.1-beta.6)
    - PINRemoteImage/Core
  - Realm (3.7.6):
    - Realm/Headers (= 3.7.6)
  - Realm/Headers (3.7.6)
  - RealmSwift (3.7.6):
    - Realm (= 3.7.6)
  - Reveal-SDK (17)
  - SDCloudUserDefaults (1.0.2)
  - SDWebImage (3.8.2):
    - SDWebImage/Core (= 3.8.2)
  - SDWebImage/Core (3.8.2)
  - Siesta/Core (1.4.1)
  - Siesta/UI (1.4.1):
    - Siesta/Core
  - SimulatorStatusMagic (2.2)
  - SINQ (0.7.0)
  - SVProgressHUD (2.2.5)
  - SwiftyJSON (4.1.0)
  - Texture (2.7):
    - Texture/PINRemoteImage (= 2.7)
  - Texture/Core (2.7)
  - Texture/PINRemoteImage (2.7):
    - PINRemoteImage/iOS (= 3.0.0-beta.13)
    - PINRemoteImage/PINCache
    - Texture/Core
  - Wormholy (1.1.3)

DEPENDENCIES:
  - ActionKit
  - AGAudioPlayer (from `../AGAudioPlayer`)
  - AXRatingView
  - BASSGaplessAudioPlayer (from `../BASSGaplessAudioPlayer`)
  - Cache
  - ChameleonFramework
  - CleanroomLogger (from `https://github.com/farktronix/CleanroomLogger`)
  - Crashlytics
  - CWStatusBarNotification
  - DownloadButton (from `https://github.com/farktronix/DownloadButton`)
  - DWURecyclingAlert
  - EDColor
  - Fabric
  - FastImageCache (from `https://github.com/mallorypaine/FastImageCache.git`)
  - FaveButton (from `../fave-button`)
  - KASlideShow
  - LastFm (from `https://github.com/farktronix/LastFm.git`)
  - LayoutKit
  - LicensesViewController
  - MZDownloadManager (from `https://github.com/alecgorge/MZDownloadManager.git`)
  - NAKPlaybackIndicatorView
  - NapySlider (from `../NapySlider`)
  - Observable (from `https://github.com/alecgorge/Observable.git`)
  - PinpointKit
  - PinpointKit/ScreenshotDetector
  - RealmSwift
  - Reveal-SDK
  - SDCloudUserDefaults
  - Siesta/Core (from `https://github.com/bustoutsolutions/siesta.git`)
  - Siesta/UI (from `https://github.com/bustoutsolutions/siesta.git`)
  - SimulatorStatusMagic
  - SINQ
  - SVProgressHUD
  - SwiftyJSON
  - Texture
  - Wormholy (from `https://github.com/pmusolino/Wormholy.git`)

SPEC REPOS:
  https://github.com/cocoapods/specs.git:
    - ActionKit
    - AXRatingView
    - BCColor
    - Cache
    - ChameleonFramework
    - Crashlytics
    - CWStatusBarNotification
    - DWURecyclingAlert
    - EDColor
    - Fabric
    - Interpolate
    - KASlideShow
    - KissXML
    - LayoutKit
    - LicensesViewController
    - MarqueeLabel
    - NAKPlaybackIndicatorView
    - PINCache
    - PINOperation
    - PinpointKit
    - PINRemoteImage
    - Realm
    - RealmSwift
    - Reveal-SDK
    - SDCloudUserDefaults
    - SDWebImage
    - SimulatorStatusMagic
    - SINQ
    - SVProgressHUD
    - SwiftyJSON
    - Texture

EXTERNAL SOURCES:
  AGAudioPlayer:
    :path: "../AGAudioPlayer"
  BASSGaplessAudioPlayer:
    :path: "../BASSGaplessAudioPlayer"
  CleanroomLogger:
    :git: https://github.com/farktronix/CleanroomLogger
  DownloadButton:
    :git: https://github.com/farktronix/DownloadButton
  FastImageCache:
    :git: https://github.com/mallorypaine/FastImageCache.git
  FaveButton:
    :path: "../fave-button"
  LastFm:
    :git: https://github.com/farktronix/LastFm.git
  MZDownloadManager:
    :git: https://github.com/alecgorge/MZDownloadManager.git
  NapySlider:
    :path: "../NapySlider"
  Observable:
    :git: https://github.com/alecgorge/Observable.git
  Siesta:
    :git: https://github.com/bustoutsolutions/siesta.git
  Wormholy:
    :git: https://github.com/pmusolino/Wormholy.git

CHECKOUT OPTIONS:
  CleanroomLogger:
    :commit: e68286255bf79290dc206b46aecaef6438834bba
    :git: https://github.com/farktronix/CleanroomLogger
  DownloadButton:
    :commit: 04f2b09ba3ce18f273e997cd28db6ac0c1ca3d85
    :git: https://github.com/farktronix/DownloadButton
  FastImageCache:
    :commit: a196da2ef8646ad310f696e64f675e9a942d2ea9
    :git: https://github.com/mallorypaine/FastImageCache.git
  LastFm:
    :commit: 19725dec9bdb91026b7ba808d5c61adb1afef9bb
    :git: https://github.com/farktronix/LastFm.git
  MZDownloadManager:
    :commit: 68c2c4b68c5e417bb9fb695ee6e014ff535d7e4e
    :git: https://github.com/alecgorge/MZDownloadManager.git
  Observable:
    :commit: afd5d63e9c6e544681b3bd6d25973f160a5d01a3
    :git: https://github.com/alecgorge/Observable.git
  Siesta:
    :commit: ecf8cbda2c797c52e8634e7317ec51837992d958
    :git: https://github.com/bustoutsolutions/siesta.git
  Wormholy:
    :commit: 50ceb490fcfe99116b0a08c78e7d7a640c8176ad
    :git: https://github.com/pmusolino/Wormholy.git

SPEC CHECKSUMS:
  ActionKit: cf7ca5781f4a43342384d872105fadd58985f416
  AGAudioPlayer: 2044b1fa402341b646b16b2e2e6d851ddadb70db
  AXRatingView: b975cd1a11c6c2e76c8999c166e089ed26f54133
  BASSGaplessAudioPlayer: 5547414722926aaa7d1116557f5208df57b0caab
  BCColor: 2425540cb0da92795b81a1f15b5289a92279c9eb
  Cache: 7737c595aae7d94c7c0feca2c887288624e3b07e
  ChameleonFramework: d21a3cc247abfe5e37609a283a8238b03575cf64
  CleanroomLogger: f165bae4f3c9a15a22ec2fad9b0826f27fb047d5
  Crashlytics: ccaac42660eb9351b9960c0d66106b0bcf99f4fa
  CWStatusBarNotification: 3d2738b25c3207f60cc50201388d3c96182545ff
  DownloadButton: 0a9848f9c13f34a488939b7244e8043feb94be3c
  DWURecyclingAlert: 02d8ba56b2082c08c6bc2645cc2cc445f307817d
  EDColor: 91d127cd67d7c1d3862846fb11ef4b3851151bfa
  Fabric: f233c9492b3bbc1f04e3882986740f7988a58edb
  FastImageCache: 9defcc791b9db343858b55ab2fadfd0139f5d529
  FaveButton: e26220c69725ca00f08d7494edb5765c3eaef8c7
  Interpolate: cd0ab81375ff3ec7d9e6023e032f4a29f53df4ad
  KASlideShow: d737c734ee603ed4fc7de09876d5193192e74ee4
  KissXML: d19dd6dc65e0dc721ba92b3077b8ebdd240f1c1e
  LastFm: a624fa250bbda5950fccbd068ea7950dcba2da1f
  LayoutKit: 867d9c5c237552be78c9c0cf0d9f5ca2bf5f704c
  LicensesViewController: 1f2982b1bab8402d3f88e23197957038e8abb907
  MarqueeLabel: 0c41f08ef5773e29c0f71064a8fa788a2fd8b365
  MZDownloadManager: 8e9f186b2e804ffaeaf782c0cd3e22f27625cb7b
  NAKPlaybackIndicatorView: f1468937ae3828ef6e9a50feda0781fdfa67dce8
  NapySlider: 3da4746561f0bbfe4d287bff27e0aa083598bca4
  Observable: 360b0132cef970a50bc69611df7fcbda46e91c34
  PINCache: d195fdba255283f7e9900a55e3cced377f431f9b
  PINOperation: a6219e6fc9db9c269eb7a7b871ac193bcf400aac
  PinpointKit: d1196cba6acc77fb76af50155f816228f03eaa9c
  PINRemoteImage: d6d51c5d2adda55f1ce30c96e850b6c4ebd2856a
  Realm: 9eaecad54712d6246d08ba34c10f354e4715d7d3
  RealmSwift: 1fe08b4ebaeeaacf17f9ba0343f7b25c9fc31fa6
  Reveal-SDK: a6df49f47319bd19a110c960c498af32df72c0af
  SDCloudUserDefaults: cacf733d192160d94364efab8548ae3302615a65
  SDWebImage: 098e97e6176540799c27e804c96653ee0833d13c
  Siesta: 867050feecf44d163f83272d9fc21553319c6dc0
  SimulatorStatusMagic: 0389a805fa8bd001e2977c4046730bdbd6642861
  SINQ: 64cab7b7c73486da8f4442c25ccdd6ada7e67b95
  SVProgressHUD: 1428aafac632c1f86f62aa4243ec12008d7a51d6
  SwiftyJSON: c29297daf073d2aa016295d5809cdd68045c39b3
  Texture: 9d7e38965cf22ccd7cd9c249dd78b3f14e70ab6c
  Wormholy: 39a9487ce44afbda62eb3af2dba42b4303d0a6b8

PODFILE CHECKSUM: 058f3b988a557c817b69aba507319ab5d24bfea7

COCOAPODS: 1.5.3
