PODS:
  - ActionKit (2.5.3)
  - AGAudioPlayer (0.8.2):
    - BASSGaplessAudioPlayer
    - google-cast-sdk
    - Interpolate
    - MarqueeLabel
    - NapySlider
  - AXRatingView (1.0.6)
  - BASSGaplessAudioPlayer (0.0.1)
  - Cache (6.0.0)
  - ChameleonFramework (2.1.0):
    - ChameleonFramework/Default (= 2.1.0)
  - ChameleonFramework/Default (2.1.0)
  - CleanroomLogger (6.0.3)
  - Crashlytics (3.14.0):
    - Fabric (~> 1.10.2)
  - CSwiftV (0.0.9)
  - CWStatusBarNotification (2.3.5)
  - DownloadButton (0.1.2)
  - DWURecyclingAlert (1.0.2)
  - DZNEmptyDataSet (1.8.1)
  - EDColor (1.0.1)
  - Fabric (1.10.2)
  - FastImageCache (1.5.1)
  - FaveButton (3.2.2)
  - google-cast-sdk (4.5.3):
    - google-cast-sdk/Core (= 4.5.3)
    - GTMSessionFetcher/Core (~> 1.1)
    - Protobuf (~> 3.13)
  - google-cast-sdk/Core (4.5.3):
    - GTMSessionFetcher/Core (~> 1.1)
    - Protobuf (~> 3.13)
  - GTMSessionFetcher/Core (1.5.0)
  - Interpolate (1.3.1)
  - KASlideShow (3.0.0):
    - SDWebImage (~> 3.8)
  - KissXML (5.0.3):
    - KissXML/Standard (= 5.0.3)
  - KissXML/Core (5.0.3)
  - KissXML/Standard (5.0.3):
    - KissXML/Core
  - LastFm (1.17.0):
    - KissXML (~> 5.0.3)
  - LicensesViewController (0.6.5)
  - MarqueeLabel (4.0.5)
  - MZDownloadManager (3.5)
  - NAKPlaybackIndicatorView (0.1.1)
  - NapySlider (0.3.6)
  - Observable (2.1.0)
  - PathKit (1.0.0)
  - PinpointKit (1.5.0):
    - PinpointKit/Core (= 1.5.0)
  - PinpointKit/Core (1.5.0)
  - PinpointKit/ScreenshotDetector (1.5.0)
  - Protobuf (3.14.0)
  - Realm (10.5.2):
    - Realm/Headers (= 10.5.2)
  - Realm/Headers (10.5.2)
  - RealmConverter (0.5.3):
    - CSwiftV
    - PathKit
    - Realm (~> 10.0)
    - SSZipArchive
    - TGSpreadsheetWriter
  - RealmSwift (10.5.2):
    - Realm (= 10.5.2)
  - Reveal-SDK (27)
  - SDCloudUserDefaults (1.0.2)
  - SDWebImage (3.8.3):
    - SDWebImage/Core (= 3.8.3)
  - SDWebImage/Core (3.8.3)
  - Siesta/Core (1.5.2)
  - Siesta/UI (1.5.2):
    - Siesta/Core
  - SimulatorStatusMagic (2.4.1)
  - SINQ (0.7.0)
  - SQLite.swift (0.12.2):
    - SQLite.swift/standard (= 0.12.2)
  - SQLite.swift/standard (0.12.2)
  - SSZipArchive (2.2.3)
  - SVProgressHUD (2.2.5)
  - SwiftyJSON (5.0.0)
  - Texture/Core (3.0.0)
  - Texture/MapKit (3.0.0):
    - Texture/Core
  - Wormholy (1.6.4)

DEPENDENCIES:
  - ActionKit
  - AGAudioPlayer (from `../AGAudioPlayer`)
  - AXRatingView
  - BASSGaplessAudioPlayer (from `../BASSGaplessAudioPlayer`)
  - Cache
  - ChameleonFramework (from `https://github.com/farktronix/Chameleon.git`)
  - CleanroomLogger (from `https://github.com/farktronix/CleanroomLogger`)
  - Crashlytics
  - CSwiftV
  - CWStatusBarNotification
  - DownloadButton (from `https://github.com/farktronix/DownloadButton`)
  - DWURecyclingAlert
  - DZNEmptyDataSet
  - EDColor
  - Fabric
  - FastImageCache (from `https://github.com/mallorypaine/FastImageCache.git`)
  - FaveButton (from `https://github.com/farktronix/fave-button.git`)
  - google-cast-sdk
  - KASlideShow
  - LastFm (from `https://github.com/farktronix/LastFm.git`)
  - LicensesViewController (from `https://github.com/tsukisa/LicenseGenerator-iOS.git`)
  - MZDownloadManager (from `https://github.com/farktronix/MZDownloadManager`)
  - NAKPlaybackIndicatorView
  - NapySlider
  - Observable (from `https://github.com/farktronix/Observable.git`)
  - PathKit
  - PinpointKit
  - PinpointKit/ScreenshotDetector
  - Realm
  - RealmConverter (from `https://github.com/farktronix/realm-cocoa-converter.git`)
  - RealmSwift
  - Reveal-SDK
  - SDCloudUserDefaults
  - Siesta/Core
  - Siesta/UI
  - SimulatorStatusMagic
  - SINQ
  - SQLite.swift
  - SVProgressHUD
  - SwiftyJSON
  - Texture/Core
  - Texture/MapKit
  - Wormholy

SPEC REPOS:
  trunk:
    - ActionKit
    - AXRatingView
    - Cache
    - Crashlytics
    - CSwiftV
    - CWStatusBarNotification
    - DWURecyclingAlert
    - DZNEmptyDataSet
    - EDColor
    - Fabric
    - google-cast-sdk
    - GTMSessionFetcher
    - Interpolate
    - KASlideShow
    - KissXML
    - MarqueeLabel
    - NAKPlaybackIndicatorView
    - NapySlider
    - PathKit
    - PinpointKit
    - Protobuf
    - Realm
    - RealmSwift
    - Reveal-SDK
    - SDCloudUserDefaults
    - SDWebImage
    - Siesta
    - SimulatorStatusMagic
    - SINQ
    - SQLite.swift
    - SSZipArchive
    - SVProgressHUD
    - SwiftyJSON
    - Texture
    - Wormholy

EXTERNAL SOURCES:
  AGAudioPlayer:
    :path: "../AGAudioPlayer"
  BASSGaplessAudioPlayer:
    :path: "../BASSGaplessAudioPlayer"
  ChameleonFramework:
    :git: https://github.com/farktronix/Chameleon.git
  CleanroomLogger:
    :git: https://github.com/farktronix/CleanroomLogger
  DownloadButton:
    :git: https://github.com/farktronix/DownloadButton
  FastImageCache:
    :git: https://github.com/mallorypaine/FastImageCache.git
  FaveButton:
    :git: https://github.com/farktronix/fave-button.git
  LastFm:
    :git: https://github.com/farktronix/LastFm.git
  LicensesViewController:
    :git: https://github.com/tsukisa/LicenseGenerator-iOS.git
  MZDownloadManager:
    :git: https://github.com/farktronix/MZDownloadManager
  Observable:
    :git: https://github.com/farktronix/Observable.git
  RealmConverter:
    :git: https://github.com/farktronix/realm-cocoa-converter.git

CHECKOUT OPTIONS:
  ChameleonFramework:
    :commit: f708430e24834658f4bdb6a81726a4ee489f65e3
    :git: https://github.com/farktronix/Chameleon.git
  CleanroomLogger:
    :commit: c30b7ac099f5e245933a8919591adebacaeb4b62
    :git: https://github.com/farktronix/CleanroomLogger
  DownloadButton:
    :commit: 04f2b09ba3ce18f273e997cd28db6ac0c1ca3d85
    :git: https://github.com/farktronix/DownloadButton
  FastImageCache:
    :commit: a196da2ef8646ad310f696e64f675e9a942d2ea9
    :git: https://github.com/mallorypaine/FastImageCache.git
  FaveButton:
    :commit: 111f8a114cd6dca373034bad985d6a966fd31b31
    :git: https://github.com/farktronix/fave-button.git
  LastFm:
    :commit: 19725dec9bdb91026b7ba808d5c61adb1afef9bb
    :git: https://github.com/farktronix/LastFm.git
  LicensesViewController:
    :commit: 1781a8421602eb1b04e74b6fa07f81f97981cec2
    :git: https://github.com/tsukisa/LicenseGenerator-iOS.git
  MZDownloadManager:
    :commit: f6ff4745e638bafb3ea1236f8d693221e08c8512
    :git: https://github.com/farktronix/MZDownloadManager
  Observable:
    :commit: 7159a9cd67eacf8d49d4ad5f847623017e2ebaba
    :git: https://github.com/farktronix/Observable.git
  RealmConverter:
    :commit: 7620605946cc55910422246dade1a1c7745a7bc7
    :git: https://github.com/farktronix/realm-cocoa-converter.git

SPEC CHECKSUMS:
  ActionKit: c1b6427fd36a0fe2223555679bcc5dea437af5b3
  AGAudioPlayer: ebb639362e2112c7c561d0a45e418dd35a5835ff
  AXRatingView: b975cd1a11c6c2e76c8999c166e089ed26f54133
  BASSGaplessAudioPlayer: 5b074495769769192b720c70aa2a60f6f33751f3
  Cache: 4ca7e00363fca5455f26534e5607634c820ffc2d
  ChameleonFramework: d21a3cc247abfe5e37609a283a8238b03575cf64
  CleanroomLogger: 51703da66caaa392436f5ba6cd5b7ae83d1282aa
  Crashlytics: 9220f5bc89e7a618df411b4f639389dbfb0e03d2
  CSwiftV: 8dde426ad2a4f645bdfb513b8aa878d555aeff60
  CWStatusBarNotification: 3d2738b25c3207f60cc50201388d3c96182545ff
  DownloadButton: 0a9848f9c13f34a488939b7244e8043feb94be3c
  DWURecyclingAlert: 02d8ba56b2082c08c6bc2645cc2cc445f307817d
  DZNEmptyDataSet: 9525833b9e68ac21c30253e1d3d7076cc828eaa7
  EDColor: 91d127cd67d7c1d3862846fb11ef4b3851151bfa
  Fabric: ea977e3cd9c20425516d3dafd3bf8c941c51223f
  FastImageCache: 9defcc791b9db343858b55ab2fadfd0139f5d529
  FaveButton: 4c2ec413f2d31dc3ff50ed36ce0af8bc364160bd
  google-cast-sdk: f94c5df87564f71d4342400b8487665e9bed27c6
  GTMSessionFetcher: b3503b20a988c4e20cc189aa798fd18220133f52
  Interpolate: 490b5a7bdaeb00f86c69b61aa87cab59f6f8d703
  KASlideShow: d737c734ee603ed4fc7de09876d5193192e74ee4
  KissXML: d19dd6dc65e0dc721ba92b3077b8ebdd240f1c1e
  LastFm: a624fa250bbda5950fccbd068ea7950dcba2da1f
  LicensesViewController: 1f2982b1bab8402d3f88e23197957038e8abb907
  MarqueeLabel: 00cc0bcd087111dca575878b3531af980559707d
  MZDownloadManager: 8c78ecc8f68e0aed845bc767896cb92dc8a4b21d
  NAKPlaybackIndicatorView: f1468937ae3828ef6e9a50feda0781fdfa67dce8
  NapySlider: 433c06071e7029d1dea13bf4ca25a79b584b103a
  Observable: bdfa770fc9d925b997d186b09860a0bcdd6f9690
  PathKit: 364e0de7fb5adb142aecab4e112187e5548fc4b6
  PinpointKit: 8599f60b7cff2b65e52a10293c220b6b81f14839
  Protobuf: 0cde852566359049847168e51bd1c690e0f70056
  Realm: 2e1bc0d28301006176692da234deff51f867d5ae
  RealmConverter: 763536a2d227b90d4d97a3c1056a81aca3c0ceb5
  RealmSwift: a522ad39715e8b4e491af4460059bc32b84f5a9b
  Reveal-SDK: 306e2880395ee396f5a8b4c485c3a86dd19866c7
  SDCloudUserDefaults: cacf733d192160d94364efab8548ae3302615a65
  SDWebImage: a72e880a8fe0f7fc31efe15aaed443c074d2a80c
  Siesta: d1e1966af43ffca170f658ad6d987228a5b40873
  SimulatorStatusMagic: 28d4a9d1a500ac7cea0b2b5a43c1c6ddb40ba56c
  SINQ: 64cab7b7c73486da8f4442c25ccdd6ada7e67b95
  SQLite.swift: d2b4642190917051ce6bd1d49aab565fe794eea3
  SSZipArchive: 62d4947b08730e4cda640473b0066d209ff033c9
  SVProgressHUD: 1428aafac632c1f86f62aa4243ec12008d7a51d6
  SwiftyJSON: 36413e04c44ee145039d332b4f4e2d3e8d6c4db7
  Texture: 2f109e937850d94d1d07232041c9c7313ccddb81
  Wormholy: 2e70f64227e010d363f8d33268369f77faf12471

PODFILE CHECKSUM: 50377538c966d9ddb22f7b251b30d38a70ea98fd

COCOAPODS: 1.10.0
