// !$*UTF8*$!
{
	archiveVersion = 1;
	classes = {
	};
	objectVersion = 46;
	objects = {

/* Begin PBXBuildFile section */
		592F993E30E42746880EE7E4 /* Pods_PhishODUITests.framework in Frameworks */ = {isa = PBXBuildFile; fileRef = D617822FEB1CFA53522EC981 /* Pods_PhishODUITests.framework */; };
		6123837185584F1DD90F0965 /* Pods_Relisten.framework in Frameworks */ = {isa = PBXBuildFile; fileRef = 598F180A3FF5C77C80A0099E /* Pods_Relisten.framework */; };
		7C03A4B61E60E8B7006F2912 /* RelistenApi.swift in Sources */ = {isa = PBXBuildFile; fileRef = 7C03A4B51E60E8B7006F2912 /* RelistenApi.swift */; };
		7C03A4B71E60E8B7006F2912 /* RelistenApi.swift in Sources */ = {isa = PBXBuildFile; fileRef = 7C03A4B51E60E8B7006F2912 /* RelistenApi.swift */; };
		7C03A4BA1E60FB66006F2912 /* RelistenModels.swift in Sources */ = {isa = PBXBuildFile; fileRef = 7C03A4B91E60FB66006F2912 /* RelistenModels.swift */; };
		7C03A4BC1E60FFD2006F2912 /* RelistenJsonUtils.swift in Sources */ = {isa = PBXBuildFile; fileRef = 7C03A4BB1E60FFD2006F2912 /* RelistenJsonUtils.swift */; };
		7C03A4BE1E61BB4B006F2912 /* RelistenShowModels.swift in Sources */ = {isa = PBXBuildFile; fileRef = 7C03A4BD1E61BB4B006F2912 /* RelistenShowModels.swift */; };
		7C03A4BF1E61BB4B006F2912 /* RelistenShowModels.swift in Sources */ = {isa = PBXBuildFile; fileRef = 7C03A4BD1E61BB4B006F2912 /* RelistenShowModels.swift */; };
		7C03A4C11E61CD70006F2912 /* RelistenSourceModels.swift in Sources */ = {isa = PBXBuildFile; fileRef = 7C03A4C01E61CD70006F2912 /* RelistenSourceModels.swift */; };
		7C03A4C21E61CD70006F2912 /* RelistenSourceModels.swift in Sources */ = {isa = PBXBuildFile; fileRef = 7C03A4C01E61CD70006F2912 /* RelistenSourceModels.swift */; };
		7C03A4C41E621836006F2912 /* ApiCache.swift in Sources */ = {isa = PBXBuildFile; fileRef = 7C03A4C31E621836006F2912 /* ApiCache.swift */; };
		7C03A4C51E621836006F2912 /* ApiCache.swift in Sources */ = {isa = PBXBuildFile; fileRef = 7C03A4C31E621836006F2912 /* ApiCache.swift */; };
		7C03A4C71E6218CF006F2912 /* RelistenModelCachable.swift in Sources */ = {isa = PBXBuildFile; fileRef = 7C03A4C61E6218CF006F2912 /* RelistenModelCachable.swift */; };
		7C03A4C81E6218CF006F2912 /* RelistenModelCachable.swift in Sources */ = {isa = PBXBuildFile; fileRef = 7C03A4C61E6218CF006F2912 /* RelistenModelCachable.swift */; };
		7C449E9F1D5A4F4300750D54 /* PHODAppDelegate.swift in Sources */ = {isa = PBXBuildFile; fileRef = 7C449E9E1D5A4F4300750D54 /* PHODAppDelegate.swift */; };
		7C449EA61D5A4F4300750D54 /* PHODAssets.xcassets in Resources */ = {isa = PBXBuildFile; fileRef = 7C449EA51D5A4F4300750D54 /* PHODAssets.xcassets */; };
		7C449EA91D5A4F4300750D54 /* PHODLaunchScreen.storyboard in Resources */ = {isa = PBXBuildFile; fileRef = 7C449EA71D5A4F4300750D54 /* PHODLaunchScreen.storyboard */; };
		7C449EB41D5A4F4300750D54 /* PhishODUITests.swift in Sources */ = {isa = PBXBuildFile; fileRef = 7C449EB31D5A4F4300750D54 /* PhishODUITests.swift */; };
		7C8EF1111D5A49C300004B5C /* RLAppDelegate.swift in Sources */ = {isa = PBXBuildFile; fileRef = 7C8EF1101D5A49C300004B5C /* RLAppDelegate.swift */; };
		7C8EF1181D5A49C300004B5C /* RLAssets.xcassets in Resources */ = {isa = PBXBuildFile; fileRef = 7C8EF1171D5A49C300004B5C /* RLAssets.xcassets */; };
		7C8EF11B1D5A49C300004B5C /* RLLaunchScreen.storyboard in Resources */ = {isa = PBXBuildFile; fileRef = 7C8EF1191D5A49C300004B5C /* RLLaunchScreen.storyboard */; };
		7C8EF1261D5A49C300004B5C /* RelistenUITests.swift in Sources */ = {isa = PBXBuildFile; fileRef = 7C8EF1251D5A49C300004B5C /* RelistenUITests.swift */; };
		7CD78D161E6C60F2001D097D /* GoogleService-Info.plist in Resources */ = {isa = PBXBuildFile; fileRef = 7CD78D151E6C60F2001D097D /* GoogleService-Info.plist */; };
		7CD78D171E6C60F2001D097D /* GoogleService-Info.plist in Resources */ = {isa = PBXBuildFile; fileRef = 7CD78D151E6C60F2001D097D /* GoogleService-Info.plist */; };
		AC66B4F5C4BD9C01138EEBB8 /* Pods_PhishOD.framework in Frameworks */ = {isa = PBXBuildFile; fileRef = 2B81717E4288DE2572EA4592 /* Pods_PhishOD.framework */; };
		CC04E2FFA276A84027E27D73 /* Pods_RelistenUITests.framework in Frameworks */ = {isa = PBXBuildFile; fileRef = EBD98604195220F1A82FB9F0 /* Pods_RelistenUITests.framework */; };
/* End PBXBuildFile section */

/* Begin PBXContainerItemProxy section */
		7C449EB01D5A4F4300750D54 /* PBXContainerItemProxy */ = {
			isa = PBXContainerItemProxy;
			containerPortal = 7C8EF1051D5A49C200004B5C /* Project object */;
			proxyType = 1;
			remoteGlobalIDString = 7C449E9B1D5A4F4200750D54;
			remoteInfo = PhishOD;
		};
		7C8EF1221D5A49C300004B5C /* PBXContainerItemProxy */ = {
			isa = PBXContainerItemProxy;
			containerPortal = 7C8EF1051D5A49C200004B5C /* Project object */;
			proxyType = 1;
			remoteGlobalIDString = 7C8EF10C1D5A49C200004B5C;
			remoteInfo = Relisten;
		};
/* End PBXContainerItemProxy section */

/* Begin PBXFileReference section */
		2B81717E4288DE2572EA4592 /* Pods_PhishOD.framework */ = {isa = PBXFileReference; explicitFileType = wrapper.framework; includeInIndex = 0; path = Pods_PhishOD.framework; sourceTree = BUILT_PRODUCTS_DIR; };
		598F180A3FF5C77C80A0099E /* Pods_Relisten.framework */ = {isa = PBXFileReference; explicitFileType = wrapper.framework; includeInIndex = 0; path = Pods_Relisten.framework; sourceTree = BUILT_PRODUCTS_DIR; };
		5B3DAE0BE91F9DD1D3300EE2 /* Pods-PhishODUITests.debug.xcconfig */ = {isa = PBXFileReference; includeInIndex = 1; lastKnownFileType = text.xcconfig; name = "Pods-PhishODUITests.debug.xcconfig"; path = "Pods/Target Support Files/Pods-PhishODUITests/Pods-PhishODUITests.debug.xcconfig"; sourceTree = "<group>"; };
		74ABE39157492B09F7AB0CDB /* Pods-PhishODUITests.release.xcconfig */ = {isa = PBXFileReference; includeInIndex = 1; lastKnownFileType = text.xcconfig; name = "Pods-PhishODUITests.release.xcconfig"; path = "Pods/Target Support Files/Pods-PhishODUITests/Pods-PhishODUITests.release.xcconfig"; sourceTree = "<group>"; };
		7C03A4B51E60E8B7006F2912 /* RelistenApi.swift */ = {isa = PBXFileReference; fileEncoding = 4; lastKnownFileType = sourcecode.swift; name = RelistenApi.swift; path = RelistenApi.swift; sourceTree = "<group>"; };
		7C03A4B91E60FB66006F2912 /* RelistenModels.swift */ = {isa = PBXFileReference; fileEncoding = 4; lastKnownFileType = sourcecode.swift; name = RelistenModels.swift; path = RelistenModels.swift; sourceTree = "<group>"; };
		7C03A4BB1E60FFD2006F2912 /* RelistenJsonUtils.swift */ = {isa = PBXFileReference; fileEncoding = 4; lastKnownFileType = sourcecode.swift; name = RelistenJsonUtils.swift; path = RelistenJsonUtils.swift; sourceTree = "<group>"; };
		7C03A4BD1E61BB4B006F2912 /* RelistenShowModels.swift */ = {isa = PBXFileReference; fileEncoding = 4; lastKnownFileType = sourcecode.swift; name = RelistenShowModels.swift; path = RelistenShowModels.swift; sourceTree = "<group>"; };
		7C03A4C01E61CD70006F2912 /* RelistenSourceModels.swift */ = {isa = PBXFileReference; fileEncoding = 4; lastKnownFileType = sourcecode.swift; name = RelistenSourceModels.swift; path = RelistenSourceModels.swift; sourceTree = "<group>"; };
		7C03A4C31E621836006F2912 /* ApiCache.swift */ = {isa = PBXFileReference; fileEncoding = 4; lastKnownFileType = sourcecode.swift; name = ApiCache.swift; path = ApiCache.swift; sourceTree = "<group>"; };
		7C03A4C61E6218CF006F2912 /* RelistenModelCachable.swift */ = {isa = PBXFileReference; fileEncoding = 4; lastKnownFileType = sourcecode.swift; name = RelistenModelCachable.swift; path = RelistenModelCachable.swift; sourceTree = "<group>"; };
		7C449E9C1D5A4F4200750D54 /* PhishOD.app */ = {isa = PBXFileReference; explicitFileType = wrapper.application; includeInIndex = 0; path = PhishOD.app; sourceTree = BUILT_PRODUCTS_DIR; };
		7C449E9E1D5A4F4300750D54 /* PHODAppDelegate.swift */ = {isa = PBXFileReference; lastKnownFileType = sourcecode.swift; path = PHODAppDelegate.swift; sourceTree = "<group>"; };
		7C449EA51D5A4F4300750D54 /* PHODAssets.xcassets */ = {isa = PBXFileReference; lastKnownFileType = folder.assetcatalog; path = PHODAssets.xcassets; sourceTree = "<group>"; };
		7C449EA81D5A4F4300750D54 /* Base */ = {isa = PBXFileReference; lastKnownFileType = file.storyboard; name = Base; path = Base.lproj/PHODLaunchScreen.storyboard; sourceTree = "<group>"; };
		7C449EAA1D5A4F4300750D54 /* Info.plist */ = {isa = PBXFileReference; lastKnownFileType = text.plist.xml; path = Info.plist; sourceTree = "<group>"; };
		7C449EAF1D5A4F4300750D54 /* PhishODUITests.xctest */ = {isa = PBXFileReference; explicitFileType = wrapper.cfbundle; includeInIndex = 0; path = PhishODUITests.xctest; sourceTree = BUILT_PRODUCTS_DIR; };
		7C449EB31D5A4F4300750D54 /* PhishODUITests.swift */ = {isa = PBXFileReference; lastKnownFileType = sourcecode.swift; path = PhishODUITests.swift; sourceTree = "<group>"; };
		7C449EB51D5A4F4300750D54 /* Info.plist */ = {isa = PBXFileReference; lastKnownFileType = text.plist.xml; path = Info.plist; sourceTree = "<group>"; };
		7C8EF10D1D5A49C300004B5C /* Relisten.app */ = {isa = PBXFileReference; explicitFileType = wrapper.application; includeInIndex = 0; path = Relisten.app; sourceTree = BUILT_PRODUCTS_DIR; };
		7C8EF1101D5A49C300004B5C /* RLAppDelegate.swift */ = {isa = PBXFileReference; lastKnownFileType = sourcecode.swift; path = RLAppDelegate.swift; sourceTree = "<group>"; };
		7C8EF1171D5A49C300004B5C /* RLAssets.xcassets */ = {isa = PBXFileReference; lastKnownFileType = folder.assetcatalog; path = RLAssets.xcassets; sourceTree = "<group>"; };
		7C8EF11A1D5A49C300004B5C /* Base */ = {isa = PBXFileReference; lastKnownFileType = file.storyboard; name = Base; path = Base.lproj/RLLaunchScreen.storyboard; sourceTree = "<group>"; };
		7C8EF11C1D5A49C300004B5C /* Info.plist */ = {isa = PBXFileReference; lastKnownFileType = text.plist.xml; path = Info.plist; sourceTree = "<group>"; };
		7C8EF1211D5A49C300004B5C /* RelistenUITests.xctest */ = {isa = PBXFileReference; explicitFileType = wrapper.cfbundle; includeInIndex = 0; path = RelistenUITests.xctest; sourceTree = BUILT_PRODUCTS_DIR; };
		7C8EF1251D5A49C300004B5C /* RelistenUITests.swift */ = {isa = PBXFileReference; lastKnownFileType = sourcecode.swift; path = RelistenUITests.swift; sourceTree = "<group>"; };
		7C8EF1271D5A49C300004B5C /* Info.plist */ = {isa = PBXFileReference; lastKnownFileType = text.plist.xml; path = Info.plist; sourceTree = "<group>"; };
		7CD78D151E6C60F2001D097D /* GoogleService-Info.plist */ = {isa = PBXFileReference; fileEncoding = 4; lastKnownFileType = text.plist.xml; name = "GoogleService-Info.plist"; path = "GoogleService-Info.plist"; sourceTree = "<group>"; };
		862FFDD760C11125F0D3CC56 /* Pods-RelistenUITests.release.xcconfig */ = {isa = PBXFileReference; includeInIndex = 1; lastKnownFileType = text.xcconfig; name = "Pods-RelistenUITests.release.xcconfig"; path = "Pods/Target Support Files/Pods-RelistenUITests/Pods-RelistenUITests.release.xcconfig"; sourceTree = "<group>"; };
		8739CDA8EF95D1EB0C751761 /* Pods-PhishOD.debug.xcconfig */ = {isa = PBXFileReference; includeInIndex = 1; lastKnownFileType = text.xcconfig; name = "Pods-PhishOD.debug.xcconfig"; path = "Pods/Target Support Files/Pods-PhishOD/Pods-PhishOD.debug.xcconfig"; sourceTree = "<group>"; };
		A82930F25AEEDCD2C5F101AD /* Pods-Relisten.release.xcconfig */ = {isa = PBXFileReference; includeInIndex = 1; lastKnownFileType = text.xcconfig; name = "Pods-Relisten.release.xcconfig"; path = "Pods/Target Support Files/Pods-Relisten/Pods-Relisten.release.xcconfig"; sourceTree = "<group>"; };
		D617822FEB1CFA53522EC981 /* Pods_PhishODUITests.framework */ = {isa = PBXFileReference; explicitFileType = wrapper.framework; includeInIndex = 0; path = Pods_PhishODUITests.framework; sourceTree = BUILT_PRODUCTS_DIR; };
		E0263F8B06570DBB1399A78F /* Pods-RelistenUITests.debug.xcconfig */ = {isa = PBXFileReference; includeInIndex = 1; lastKnownFileType = text.xcconfig; name = "Pods-RelistenUITests.debug.xcconfig"; path = "Pods/Target Support Files/Pods-RelistenUITests/Pods-RelistenUITests.debug.xcconfig"; sourceTree = "<group>"; };
		EBD98604195220F1A82FB9F0 /* Pods_RelistenUITests.framework */ = {isa = PBXFileReference; explicitFileType = wrapper.framework; includeInIndex = 0; path = Pods_RelistenUITests.framework; sourceTree = BUILT_PRODUCTS_DIR; };
		EEF13FC8FABCBBC9FD61F35C /* Pods-Relisten.debug.xcconfig */ = {isa = PBXFileReference; includeInIndex = 1; lastKnownFileType = text.xcconfig; name = "Pods-Relisten.debug.xcconfig"; path = "Pods/Target Support Files/Pods-Relisten/Pods-Relisten.debug.xcconfig"; sourceTree = "<group>"; };
		F199D81BECAC074CFA1DBE22 /* Pods-PhishOD.release.xcconfig */ = {isa = PBXFileReference; includeInIndex = 1; lastKnownFileType = text.xcconfig; name = "Pods-PhishOD.release.xcconfig"; path = "Pods/Target Support Files/Pods-PhishOD/Pods-PhishOD.release.xcconfig"; sourceTree = "<group>"; };
/* End PBXFileReference section */

/* Begin PBXFrameworksBuildPhase section */
		7C449E991D5A4F4200750D54 /* Frameworks */ = {
			isa = PBXFrameworksBuildPhase;
			buildActionMask = 2147483647;
			files = (
				AC66B4F5C4BD9C01138EEBB8 /* Pods_PhishOD.framework in Frameworks */,
			);
			runOnlyForDeploymentPostprocessing = 0;
		};
		7C449EAC1D5A4F4300750D54 /* Frameworks */ = {
			isa = PBXFrameworksBuildPhase;
			buildActionMask = 2147483647;
			files = (
				592F993E30E42746880EE7E4 /* Pods_PhishODUITests.framework in Frameworks */,
			);
			runOnlyForDeploymentPostprocessing = 0;
		};
		7C8EF10A1D5A49C200004B5C /* Frameworks */ = {
			isa = PBXFrameworksBuildPhase;
			buildActionMask = 2147483647;
			files = (
				6123837185584F1DD90F0965 /* Pods_Relisten.framework in Frameworks */,
			);
			runOnlyForDeploymentPostprocessing = 0;
		};
		7C8EF11E1D5A49C300004B5C /* Frameworks */ = {
			isa = PBXFrameworksBuildPhase;
			buildActionMask = 2147483647;
			files = (
				CC04E2FFA276A84027E27D73 /* Pods_RelistenUITests.framework in Frameworks */,
			);
			runOnlyForDeploymentPostprocessing = 0;
		};
/* End PBXFrameworksBuildPhase section */

/* Begin PBXGroup section */
		7C03A4B81E60FB52006F2912 /* Models */ = {
			isa = PBXGroup;
			children = (
				7C03A4BB1E60FFD2006F2912 /* RelistenJsonUtils.swift */,
				7C03A4C61E6218CF006F2912 /* RelistenModelCachable.swift */,
				7C03A4B91E60FB66006F2912 /* RelistenModels.swift */,
				7C03A4BD1E61BB4B006F2912 /* RelistenShowModels.swift */,
				7C03A4C01E61CD70006F2912 /* RelistenSourceModels.swift */,
			);
			name = Models;
			path = Models;
			sourceTree = "<group>";
		};
		7C449E9D1D5A4F4200750D54 /* PhishOD */ = {
			isa = PBXGroup;
			children = (
				7C449EB21D5A4F4300750D54 /* PhishODUITests */,
				7C449EAA1D5A4F4300750D54 /* Info.plist */,
				7C449E9E1D5A4F4300750D54 /* PHODAppDelegate.swift */,
				7C449EA51D5A4F4300750D54 /* PHODAssets.xcassets */,
				7C449EA71D5A4F4300750D54 /* PHODLaunchScreen.storyboard */,
			);
			path = PhishOD;
			sourceTree = "<group>";
		};
		7C449EB21D5A4F4300750D54 /* PhishODUITests */ = {
			isa = PBXGroup;
			children = (
				7C449EB51D5A4F4300750D54 /* Info.plist */,
				7C449EB31D5A4F4300750D54 /* PhishODUITests.swift */,
			);
			path = PhishODUITests;
			sourceTree = "<group>";
		};
		7C449EBC1D5A511C00750D54 /* Apps */ = {
			isa = PBXGroup;
			children = (
				7C449E9D1D5A4F4200750D54 /* PhishOD */,
				7C8EF10F1D5A49C300004B5C /* Relisten */,
			);
			path = Apps;
			sourceTree = "<group>";
		};
		7C449EBD1D5A513300750D54 /* Shared */ = {
			isa = PBXGroup;
			children = (
				7C449EBE1D5A513800750D54 /* API */,
				7CD78D151E6C60F2001D097D /* GoogleService-Info.plist */,
			);
			path = Shared;
			sourceTree = "<group>";
		};
		7C449EBE1D5A513800750D54 /* API */ = {
			isa = PBXGroup;
			children = (
				7C03A4B81E60FB52006F2912 /* Models */,
				7C03A4C31E621836006F2912 /* ApiCache.swift */,
				7C03A4B51E60E8B7006F2912 /* RelistenApi.swift */,
			);
			path = API;
			sourceTree = "<group>";
		};
		7C8EF1041D5A49C200004B5C = {
			isa = PBXGroup;
			children = (
				7C449EBC1D5A511C00750D54 /* Apps */,
				FBC463F999487576B5C823F4 /* Frameworks */,
				C4F5A2683057A5DAFFCCFB82 /* Pods */,
				7C8EF10E1D5A49C300004B5C /* Products */,
				7C449EBD1D5A513300750D54 /* Shared */,
			);
			sourceTree = "<group>";
		};
		7C8EF10E1D5A49C300004B5C /* Products */ = {
			isa = PBXGroup;
			children = (
				7C8EF10D1D5A49C300004B5C /* Relisten.app */,
				7C8EF1211D5A49C300004B5C /* RelistenUITests.xctest */,
				7C449E9C1D5A4F4200750D54 /* PhishOD.app */,
				7C449EAF1D5A4F4300750D54 /* PhishODUITests.xctest */,
			);
			name = Products;
			sourceTree = "<group>";
		};
		7C8EF10F1D5A49C300004B5C /* Relisten */ = {
			isa = PBXGroup;
			children = (
				7C8EF1241D5A49C300004B5C /* RelistenUITests */,
				7C8EF11C1D5A49C300004B5C /* Info.plist */,
				7C8EF1101D5A49C300004B5C /* RLAppDelegate.swift */,
				7C8EF1171D5A49C300004B5C /* RLAssets.xcassets */,
				7C8EF1191D5A49C300004B5C /* RLLaunchScreen.storyboard */,
			);
			path = Relisten;
			sourceTree = "<group>";
		};
		7C8EF1241D5A49C300004B5C /* RelistenUITests */ = {
			isa = PBXGroup;
			children = (
				7C8EF1271D5A49C300004B5C /* Info.plist */,
				7C8EF1251D5A49C300004B5C /* RelistenUITests.swift */,
			);
			path = RelistenUITests;
			sourceTree = "<group>";
		};
		C4F5A2683057A5DAFFCCFB82 /* Pods */ = {
			isa = PBXGroup;
			children = (
				EEF13FC8FABCBBC9FD61F35C /* Pods-Relisten.debug.xcconfig */,
				A82930F25AEEDCD2C5F101AD /* Pods-Relisten.release.xcconfig */,
				E0263F8B06570DBB1399A78F /* Pods-RelistenUITests.debug.xcconfig */,
				862FFDD760C11125F0D3CC56 /* Pods-RelistenUITests.release.xcconfig */,
				8739CDA8EF95D1EB0C751761 /* Pods-PhishOD.debug.xcconfig */,
				F199D81BECAC074CFA1DBE22 /* Pods-PhishOD.release.xcconfig */,
				5B3DAE0BE91F9DD1D3300EE2 /* Pods-PhishODUITests.debug.xcconfig */,
				74ABE39157492B09F7AB0CDB /* Pods-PhishODUITests.release.xcconfig */,
			);
			name = Pods;
			sourceTree = "<group>";
		};
		FBC463F999487576B5C823F4 /* Frameworks */ = {
			isa = PBXGroup;
			children = (
				598F180A3FF5C77C80A0099E /* Pods_Relisten.framework */,
				EBD98604195220F1A82FB9F0 /* Pods_RelistenUITests.framework */,
				2B81717E4288DE2572EA4592 /* Pods_PhishOD.framework */,
				D617822FEB1CFA53522EC981 /* Pods_PhishODUITests.framework */,
			);
			name = Frameworks;
			sourceTree = "<group>";
		};
/* End PBXGroup section */

/* Begin PBXNativeTarget section */
		7C449E9B1D5A4F4200750D54 /* PhishOD */ = {
			isa = PBXNativeTarget;
			buildConfigurationList = 7C449EBA1D5A4F4300750D54 /* Build configuration list for PBXNativeTarget "PhishOD" */;
			buildPhases = (
				48F37C6B2241DF7F332C59B2 /* [CP] Check Pods Manifest.lock */,
				7C449E981D5A4F4200750D54 /* Sources */,
				7C449E991D5A4F4200750D54 /* Frameworks */,
				7C449E9A1D5A4F4200750D54 /* Resources */,
				03220B81D8C568AF44ADBF18 /* [CP] Embed Pods Frameworks */,
				446D1DAE7444255BB234E2D3 /* [CP] Copy Pods Resources */,
			);
			buildRules = (
			);
			dependencies = (
			);
			name = PhishOD;
			productName = PhishOD;
			productReference = 7C449E9C1D5A4F4200750D54 /* PhishOD.app */;
			productType = "com.apple.product-type.application";
		};
		7C449EAE1D5A4F4300750D54 /* PhishODUITests */ = {
			isa = PBXNativeTarget;
			buildConfigurationList = 7C449EBB1D5A4F4300750D54 /* Build configuration list for PBXNativeTarget "PhishODUITests" */;
			buildPhases = (
				BBB25557F501CD6E192BAEE7 /* [CP] Check Pods Manifest.lock */,
				7C449EAB1D5A4F4300750D54 /* Sources */,
				7C449EAC1D5A4F4300750D54 /* Frameworks */,
				7C449EAD1D5A4F4300750D54 /* Resources */,
				C8727B5F915331ECB2CBB8F7 /* [CP] Embed Pods Frameworks */,
				26629EF7652ED253FCB72093 /* [CP] Copy Pods Resources */,
			);
			buildRules = (
			);
			dependencies = (
				7C449EB11D5A4F4300750D54 /* PBXTargetDependency */,
			);
			name = PhishODUITests;
			productName = PhishODUITests;
			productReference = 7C449EAF1D5A4F4300750D54 /* PhishODUITests.xctest */;
			productType = "com.apple.product-type.bundle.ui-testing";
		};
		7C8EF10C1D5A49C200004B5C /* Relisten */ = {
			isa = PBXNativeTarget;
			buildConfigurationList = 7C8EF12A1D5A49C300004B5C /* Build configuration list for PBXNativeTarget "Relisten" */;
			buildPhases = (
				38152CD89EFDFF81868E0C4D /* [CP] Check Pods Manifest.lock */,
				7C8EF1091D5A49C200004B5C /* Sources */,
				7C8EF10A1D5A49C200004B5C /* Frameworks */,
				7C8EF10B1D5A49C200004B5C /* Resources */,
				CF76D93EBA54A2CCC8DCD8B1 /* [CP] Embed Pods Frameworks */,
				DA713FE774FE0F67CEC64E81 /* [CP] Copy Pods Resources */,
			);
			buildRules = (
			);
			dependencies = (
			);
			name = Relisten;
			productName = Relisten;
			productReference = 7C8EF10D1D5A49C300004B5C /* Relisten.app */;
			productType = "com.apple.product-type.application";
		};
		7C8EF1201D5A49C300004B5C /* RelistenUITests */ = {
			isa = PBXNativeTarget;
			buildConfigurationList = 7C8EF12D1D5A49C300004B5C /* Build configuration list for PBXNativeTarget "RelistenUITests" */;
			buildPhases = (
				C699FB9F85B6CE01CD251ADA /* [CP] Check Pods Manifest.lock */,
				7C8EF11D1D5A49C300004B5C /* Sources */,
				7C8EF11E1D5A49C300004B5C /* Frameworks */,
				7C8EF11F1D5A49C300004B5C /* Resources */,
				2131C756957444B7029F5931 /* [CP] Embed Pods Frameworks */,
				613EA6CA2F7DB4D615B04590 /* [CP] Copy Pods Resources */,
			);
			buildRules = (
			);
			dependencies = (
				7C8EF1231D5A49C300004B5C /* PBXTargetDependency */,
			);
			name = RelistenUITests;
			productName = RelistenUITests;
			productReference = 7C8EF1211D5A49C300004B5C /* RelistenUITests.xctest */;
			productType = "com.apple.product-type.bundle.ui-testing";
		};
/* End PBXNativeTarget section */

/* Begin PBXProject section */
		7C8EF1051D5A49C200004B5C /* Project object */ = {
			isa = PBXProject;
			attributes = {
				LastSwiftUpdateCheck = 0800;
				LastUpgradeCheck = 0820;
				ORGANIZATIONNAME = "Alec Gorge";
				TargetAttributes = {
					7C449E9B1D5A4F4200750D54 = {
						CreatedOnToolsVersion = 8.0;
						DevelopmentTeam = HT7ELV3Q35;
						ProvisioningStyle = Manual;
					};
					7C449EAE1D5A4F4300750D54 = {
						CreatedOnToolsVersion = 8.0;
						DevelopmentTeam = 6F33NM6S7U;
						ProvisioningStyle = Automatic;
						TestTargetID = 7C449E9B1D5A4F4200750D54;
					};
					7C8EF10C1D5A49C200004B5C = {
						CreatedOnToolsVersion = 8.0;
						DevelopmentTeam = HT7ELV3Q35;
						ProvisioningStyle = Automatic;
					};
					7C8EF1201D5A49C300004B5C = {
						CreatedOnToolsVersion = 8.0;
						DevelopmentTeam = 6F33NM6S7U;
						ProvisioningStyle = Automatic;
						TestTargetID = 7C8EF10C1D5A49C200004B5C;
					};
				};
			};
			buildConfigurationList = 7C8EF1081D5A49C200004B5C /* Build configuration list for PBXProject "Relisten" */;
			compatibilityVersion = "Xcode 3.2";
			developmentRegion = English;
			hasScannedForEncodings = 0;
			knownRegions = (
				en,
				Base,
			);
			mainGroup = 7C8EF1041D5A49C200004B5C;
			productRefGroup = 7C8EF10E1D5A49C300004B5C /* Products */;
			projectDirPath = "";
			projectRoot = "";
			targets = (
				7C8EF10C1D5A49C200004B5C /* Relisten */,
				7C8EF1201D5A49C300004B5C /* RelistenUITests */,
				7C449E9B1D5A4F4200750D54 /* PhishOD */,
				7C449EAE1D5A4F4300750D54 /* PhishODUITests */,
			);
		};
/* End PBXProject section */

/* Begin PBXResourcesBuildPhase section */
		7C449E9A1D5A4F4200750D54 /* Resources */ = {
			isa = PBXResourcesBuildPhase;
			buildActionMask = 2147483647;
			files = (
				7C449EA91D5A4F4300750D54 /* PHODLaunchScreen.storyboard in Resources */,
				7C449EA61D5A4F4300750D54 /* PHODAssets.xcassets in Resources */,
				7CD78D171E6C60F2001D097D /* GoogleService-Info.plist in Resources */,
			);
			runOnlyForDeploymentPostprocessing = 0;
		};
		7C449EAD1D5A4F4300750D54 /* Resources */ = {
			isa = PBXResourcesBuildPhase;
			buildActionMask = 2147483647;
			files = (
			);
			runOnlyForDeploymentPostprocessing = 0;
		};
		7C8EF10B1D5A49C200004B5C /* Resources */ = {
			isa = PBXResourcesBuildPhase;
			buildActionMask = 2147483647;
			files = (
				7C8EF11B1D5A49C300004B5C /* RLLaunchScreen.storyboard in Resources */,
				7C8EF1181D5A49C300004B5C /* RLAssets.xcassets in Resources */,
				7CD78D161E6C60F2001D097D /* GoogleService-Info.plist in Resources */,
			);
			runOnlyForDeploymentPostprocessing = 0;
		};
		7C8EF11F1D5A49C300004B5C /* Resources */ = {
			isa = PBXResourcesBuildPhase;
			buildActionMask = 2147483647;
			files = (
			);
			runOnlyForDeploymentPostprocessing = 0;
		};
/* End PBXResourcesBuildPhase section */

/* Begin PBXShellScriptBuildPhase section */
		03220B81D8C568AF44ADBF18 /* [CP] Embed Pods Frameworks */ = {
			isa = PBXShellScriptBuildPhase;
			buildActionMask = 2147483647;
			files = (
			);
			inputPaths = (
			);
			name = "[CP] Embed Pods Frameworks";
			outputPaths = (
			);
			runOnlyForDeploymentPostprocessing = 0;
			shellPath = /bin/sh;
			shellScript = "\"${SRCROOT}/Pods/Target Support Files/Pods-PhishOD/Pods-PhishOD-frameworks.sh\"\n";
			showEnvVarsInLog = 0;
		};
		2131C756957444B7029F5931 /* [CP] Embed Pods Frameworks */ = {
			isa = PBXShellScriptBuildPhase;
			buildActionMask = 2147483647;
			files = (
			);
			inputPaths = (
			);
			name = "[CP] Embed Pods Frameworks";
			outputPaths = (
			);
			runOnlyForDeploymentPostprocessing = 0;
			shellPath = /bin/sh;
			shellScript = "\"${SRCROOT}/Pods/Target Support Files/Pods-RelistenUITests/Pods-RelistenUITests-frameworks.sh\"\n";
			showEnvVarsInLog = 0;
		};
		26629EF7652ED253FCB72093 /* [CP] Copy Pods Resources */ = {
			isa = PBXShellScriptBuildPhase;
			buildActionMask = 2147483647;
			files = (
			);
			inputPaths = (
			);
			name = "[CP] Copy Pods Resources";
			outputPaths = (
			);
			runOnlyForDeploymentPostprocessing = 0;
			shellPath = /bin/sh;
			shellScript = "\"${SRCROOT}/Pods/Target Support Files/Pods-PhishODUITests/Pods-PhishODUITests-resources.sh\"\n";
			showEnvVarsInLog = 0;
		};
		38152CD89EFDFF81868E0C4D /* [CP] Check Pods Manifest.lock */ = {
			isa = PBXShellScriptBuildPhase;
			buildActionMask = 2147483647;
			files = (
			);
			inputPaths = (
			);
			name = "[CP] Check Pods Manifest.lock";
			outputPaths = (
			);
			runOnlyForDeploymentPostprocessing = 0;
			shellPath = /bin/sh;
			shellScript = "diff \"${PODS_ROOT}/../Podfile.lock\" \"${PODS_ROOT}/Manifest.lock\" > /dev/null\nif [ $? != 0 ] ; then\n    # print error to STDERR\n    echo \"error: The sandbox is not in sync with the Podfile.lock. Run 'pod install' or update your CocoaPods installation.\" >&2\n    exit 1\nfi\n";
			showEnvVarsInLog = 0;
		};
		446D1DAE7444255BB234E2D3 /* [CP] Copy Pods Resources */ = {
			isa = PBXShellScriptBuildPhase;
			buildActionMask = 2147483647;
			files = (
			);
			inputPaths = (
			);
			name = "[CP] Copy Pods Resources";
			outputPaths = (
			);
			runOnlyForDeploymentPostprocessing = 0;
			shellPath = /bin/sh;
			shellScript = "\"${SRCROOT}/Pods/Target Support Files/Pods-PhishOD/Pods-PhishOD-resources.sh\"\n";
			showEnvVarsInLog = 0;
		};
		48F37C6B2241DF7F332C59B2 /* [CP] Check Pods Manifest.lock */ = {
			isa = PBXShellScriptBuildPhase;
			buildActionMask = 2147483647;
			files = (
			);
			inputPaths = (
			);
			name = "[CP] Check Pods Manifest.lock";
			outputPaths = (
			);
			runOnlyForDeploymentPostprocessing = 0;
			shellPath = /bin/sh;
			shellScript = "diff \"${PODS_ROOT}/../Podfile.lock\" \"${PODS_ROOT}/Manifest.lock\" > /dev/null\nif [ $? != 0 ] ; then\n    # print error to STDERR\n    echo \"error: The sandbox is not in sync with the Podfile.lock. Run 'pod install' or update your CocoaPods installation.\" >&2\n    exit 1\nfi\n";
			showEnvVarsInLog = 0;
		};
		613EA6CA2F7DB4D615B04590 /* [CP] Copy Pods Resources */ = {
			isa = PBXShellScriptBuildPhase;
			buildActionMask = 2147483647;
			files = (
			);
			inputPaths = (
			);
			name = "[CP] Copy Pods Resources";
			outputPaths = (
			);
			runOnlyForDeploymentPostprocessing = 0;
			shellPath = /bin/sh;
			shellScript = "\"${SRCROOT}/Pods/Target Support Files/Pods-RelistenUITests/Pods-RelistenUITests-resources.sh\"\n";
			showEnvVarsInLog = 0;
		};
		BBB25557F501CD6E192BAEE7 /* [CP] Check Pods Manifest.lock */ = {
			isa = PBXShellScriptBuildPhase;
			buildActionMask = 2147483647;
			files = (
			);
			inputPaths = (
			);
			name = "[CP] Check Pods Manifest.lock";
			outputPaths = (
			);
			runOnlyForDeploymentPostprocessing = 0;
			shellPath = /bin/sh;
			shellScript = "diff \"${PODS_ROOT}/../Podfile.lock\" \"${PODS_ROOT}/Manifest.lock\" > /dev/null\nif [ $? != 0 ] ; then\n    # print error to STDERR\n    echo \"error: The sandbox is not in sync with the Podfile.lock. Run 'pod install' or update your CocoaPods installation.\" >&2\n    exit 1\nfi\n";
			showEnvVarsInLog = 0;
		};
		C699FB9F85B6CE01CD251ADA /* [CP] Check Pods Manifest.lock */ = {
			isa = PBXShellScriptBuildPhase;
			buildActionMask = 2147483647;
			files = (
			);
			inputPaths = (
			);
			name = "[CP] Check Pods Manifest.lock";
			outputPaths = (
			);
			runOnlyForDeploymentPostprocessing = 0;
			shellPath = /bin/sh;
			shellScript = "diff \"${PODS_ROOT}/../Podfile.lock\" \"${PODS_ROOT}/Manifest.lock\" > /dev/null\nif [ $? != 0 ] ; then\n    # print error to STDERR\n    echo \"error: The sandbox is not in sync with the Podfile.lock. Run 'pod install' or update your CocoaPods installation.\" >&2\n    exit 1\nfi\n";
			showEnvVarsInLog = 0;
		};
		C8727B5F915331ECB2CBB8F7 /* [CP] Embed Pods Frameworks */ = {
			isa = PBXShellScriptBuildPhase;
			buildActionMask = 2147483647;
			files = (
			);
			inputPaths = (
			);
			name = "[CP] Embed Pods Frameworks";
			outputPaths = (
			);
			runOnlyForDeploymentPostprocessing = 0;
			shellPath = /bin/sh;
			shellScript = "\"${SRCROOT}/Pods/Target Support Files/Pods-PhishODUITests/Pods-PhishODUITests-frameworks.sh\"\n";
			showEnvVarsInLog = 0;
		};
		CF76D93EBA54A2CCC8DCD8B1 /* [CP] Embed Pods Frameworks */ = {
			isa = PBXShellScriptBuildPhase;
			buildActionMask = 2147483647;
			files = (
			);
			inputPaths = (
			);
			name = "[CP] Embed Pods Frameworks";
			outputPaths = (
			);
			runOnlyForDeploymentPostprocessing = 0;
			shellPath = /bin/sh;
			shellScript = "\"${SRCROOT}/Pods/Target Support Files/Pods-Relisten/Pods-Relisten-frameworks.sh\"\n";
			showEnvVarsInLog = 0;
		};
		DA713FE774FE0F67CEC64E81 /* [CP] Copy Pods Resources */ = {
			isa = PBXShellScriptBuildPhase;
			buildActionMask = 2147483647;
			files = (
			);
			inputPaths = (
			);
			name = "[CP] Copy Pods Resources";
			outputPaths = (
			);
			runOnlyForDeploymentPostprocessing = 0;
			shellPath = /bin/sh;
			shellScript = "\"${SRCROOT}/Pods/Target Support Files/Pods-Relisten/Pods-Relisten-resources.sh\"\n";
			showEnvVarsInLog = 0;
		};
/* End PBXShellScriptBuildPhase section */

/* Begin PBXSourcesBuildPhase section */
		7C449E981D5A4F4200750D54 /* Sources */ = {
			isa = PBXSourcesBuildPhase;
			buildActionMask = 2147483647;
			files = (
				7C03A4C81E6218CF006F2912 /* RelistenModelCachable.swift in Sources */,
				7C03A4C21E61CD70006F2912 /* RelistenSourceModels.swift in Sources */,
				7C03A4C51E621836006F2912 /* ApiCache.swift in Sources */,
				7C03A4B71E60E8B7006F2912 /* RelistenApi.swift in Sources */,
				7C03A4BF1E61BB4B006F2912 /* RelistenShowModels.swift in Sources */,
				7C449E9F1D5A4F4300750D54 /* PHODAppDelegate.swift in Sources */,
			);
			runOnlyForDeploymentPostprocessing = 0;
		};
		7C449EAB1D5A4F4300750D54 /* Sources */ = {
			isa = PBXSourcesBuildPhase;
			buildActionMask = 2147483647;
			files = (
				7C449EB41D5A4F4300750D54 /* PhishODUITests.swift in Sources */,
			);
			runOnlyForDeploymentPostprocessing = 0;
		};
		7C8EF1091D5A49C200004B5C /* Sources */ = {
			isa = PBXSourcesBuildPhase;
			buildActionMask = 2147483647;
			files = (
				7C03A4C71E6218CF006F2912 /* RelistenModelCachable.swift in Sources */,
				7C03A4C41E621836006F2912 /* ApiCache.swift in Sources */,
				7C03A4BA1E60FB66006F2912 /* RelistenModels.swift in Sources */,
				7C03A4B61E60E8B7006F2912 /* RelistenApi.swift in Sources */,
				7C03A4C11E61CD70006F2912 /* RelistenSourceModels.swift in Sources */,
				7C03A4BE1E61BB4B006F2912 /* RelistenShowModels.swift in Sources */,
				7C8EF1111D5A49C300004B5C /* RLAppDelegate.swift in Sources */,
				7C03A4BC1E60FFD2006F2912 /* RelistenJsonUtils.swift in Sources */,
			);
			runOnlyForDeploymentPostprocessing = 0;
		};
		7C8EF11D1D5A49C300004B5C /* Sources */ = {
			isa = PBXSourcesBuildPhase;
			buildActionMask = 2147483647;
			files = (
				7C8EF1261D5A49C300004B5C /* RelistenUITests.swift in Sources */,
			);
			runOnlyForDeploymentPostprocessing = 0;
		};
/* End PBXSourcesBuildPhase section */

/* Begin PBXTargetDependency section */
		7C449EB11D5A4F4300750D54 /* PBXTargetDependency */ = {
			isa = PBXTargetDependency;
			target = 7C449E9B1D5A4F4200750D54 /* PhishOD */;
			targetProxy = 7C449EB01D5A4F4300750D54 /* PBXContainerItemProxy */;
		};
		7C8EF1231D5A49C300004B5C /* PBXTargetDependency */ = {
			isa = PBXTargetDependency;
			target = 7C8EF10C1D5A49C200004B5C /* Relisten */;
			targetProxy = 7C8EF1221D5A49C300004B5C /* PBXContainerItemProxy */;
		};
/* End PBXTargetDependency section */

/* Begin PBXVariantGroup section */
		7C449EA71D5A4F4300750D54 /* PHODLaunchScreen.storyboard */ = {
			isa = PBXVariantGroup;
			children = (
				7C449EA81D5A4F4300750D54 /* Base */,
			);
			name = PHODLaunchScreen.storyboard;
			path = .;
			sourceTree = "<group>";
		};
		7C8EF1191D5A49C300004B5C /* RLLaunchScreen.storyboard */ = {
			isa = PBXVariantGroup;
			children = (
				7C8EF11A1D5A49C300004B5C /* Base */,
			);
			name = RLLaunchScreen.storyboard;
			path = .;
			sourceTree = "<group>";
		};
/* End PBXVariantGroup section */

/* Begin XCBuildConfiguration section */
		7C449EB61D5A4F4300750D54 /* Debug */ = {
			isa = XCBuildConfiguration;
			baseConfigurationReference = 8739CDA8EF95D1EB0C751761 /* Pods-PhishOD.debug.xcconfig */;
			buildSettings = {
				ASSETCATALOG_COMPILER_APPICON_NAME = "PhishOD App Icon";
				DEVELOPMENT_TEAM = HT7ELV3Q35;
				INFOPLIST_FILE = Apps/PhishOD/Info.plist;
				IPHONEOS_DEPLOYMENT_TARGET = 9.0;
				LD_RUNPATH_SEARCH_PATHS = "$(inherited) @executable_path/Frameworks";
				PRODUCT_BUNDLE_IDENTIFIER = "com.alecgorge.Phish-Tracks";
				PRODUCT_NAME = "$(TARGET_NAME)";
				PROVISIONING_PROFILE = "18898802-5565-4259-bae2-2321c90445e0";
				PROVISIONING_PROFILE_SPECIFIER = "2016-08-09 PhishOD Dev";
				SWIFT_VERSION = 3.0;
			};
			name = Debug;
		};
		7C449EB71D5A4F4300750D54 /* Release */ = {
			isa = XCBuildConfiguration;
			baseConfigurationReference = F199D81BECAC074CFA1DBE22 /* Pods-PhishOD.release.xcconfig */;
			buildSettings = {
				ASSETCATALOG_COMPILER_APPICON_NAME = "PhishOD App Icon";
				"CODE_SIGN_IDENTITY[sdk=iphoneos*]" = "iPhone Distribution";
				DEVELOPMENT_TEAM = HT7ELV3Q35;
				INFOPLIST_FILE = Apps/PhishOD/Info.plist;
				IPHONEOS_DEPLOYMENT_TARGET = 9.0;
				LD_RUNPATH_SEARCH_PATHS = "$(inherited) @executable_path/Frameworks";
				PRODUCT_BUNDLE_IDENTIFIER = "com.alecgorge.Phish-Tracks";
				PRODUCT_NAME = "$(TARGET_NAME)";
				PROVISIONING_PROFILE = "6593bab3-c262-419b-aacf-cd3b8f4a3acc";
				PROVISIONING_PROFILE_SPECIFIER = "2016-08-09 PhishOD Dist";
				SWIFT_VERSION = 3.0;
			};
			name = Release;
		};
		7C449EB81D5A4F4300750D54 /* Debug */ = {
			isa = XCBuildConfiguration;
			baseConfigurationReference = 5B3DAE0BE91F9DD1D3300EE2 /* Pods-PhishODUITests.debug.xcconfig */;
			buildSettings = {
				DEVELOPMENT_TEAM = 6F33NM6S7U;
				INFOPLIST_FILE = Apps/PhishOD/PhishODUITests/Info.plist;
				LD_RUNPATH_SEARCH_PATHS = "$(inherited) @executable_path/Frameworks @loader_path/Frameworks";
				PRODUCT_BUNDLE_IDENTIFIER = xnotused.com.alecgorge.PhishODUITests;
				PRODUCT_NAME = "$(TARGET_NAME)";
				SWIFT_VERSION = 3.0;
				TEST_TARGET_NAME = PhishOD;
			};
			name = Debug;
		};
		7C449EB91D5A4F4300750D54 /* Release */ = {
			isa = XCBuildConfiguration;
			baseConfigurationReference = 74ABE39157492B09F7AB0CDB /* Pods-PhishODUITests.release.xcconfig */;
			buildSettings = {
				DEVELOPMENT_TEAM = 6F33NM6S7U;
				INFOPLIST_FILE = Apps/PhishOD/PhishODUITests/Info.plist;
				LD_RUNPATH_SEARCH_PATHS = "$(inherited) @executable_path/Frameworks @loader_path/Frameworks";
				PRODUCT_BUNDLE_IDENTIFIER = xnotused.com.alecgorge.PhishODUITests;
				PRODUCT_NAME = "$(TARGET_NAME)";
				SWIFT_VERSION = 3.0;
				TEST_TARGET_NAME = PhishOD;
			};
			name = Release;
		};
		7C8EF1281D5A49C300004B5C /* Debug */ = {
			isa = XCBuildConfiguration;
			buildSettings = {
				ALWAYS_SEARCH_USER_PATHS = NO;
				CLANG_ANALYZER_NONNULL = YES;
				CLANG_CXX_LANGUAGE_STANDARD = "gnu++0x";
				CLANG_CXX_LIBRARY = "libc++";
				CLANG_ENABLE_MODULES = YES;
				CLANG_ENABLE_OBJC_ARC = YES;
				CLANG_WARN_BOOL_CONVERSION = YES;
				CLANG_WARN_CONSTANT_CONVERSION = YES;
				CLANG_WARN_DIRECT_OBJC_ISA_USAGE = YES_ERROR;
				CLANG_WARN_DOCUMENTATION_COMMENTS = YES;
				CLANG_WARN_EMPTY_BODY = YES;
				CLANG_WARN_ENUM_CONVERSION = YES;
				CLANG_WARN_INFINITE_RECURSION = YES;
				CLANG_WARN_INT_CONVERSION = YES;
				CLANG_WARN_OBJC_ROOT_CLASS = YES_ERROR;
				CLANG_WARN_SUSPICIOUS_MOVE = YES;
				CLANG_WARN_SUSPICIOUS_MOVES = YES;
				CLANG_WARN_UNREACHABLE_CODE = YES;
				CLANG_WARN__DUPLICATE_METHOD_MATCH = YES;
				"CODE_SIGN_IDENTITY[sdk=iphoneos*]" = "iPhone Developer";
				COPY_PHASE_STRIP = NO;
				DEBUG_INFORMATION_FORMAT = dwarf;
				ENABLE_STRICT_OBJC_MSGSEND = YES;
				ENABLE_TESTABILITY = YES;
				GCC_C_LANGUAGE_STANDARD = gnu99;
				GCC_DYNAMIC_NO_PIC = NO;
				GCC_NO_COMMON_BLOCKS = YES;
				GCC_OPTIMIZATION_LEVEL = 0;
				GCC_PREPROCESSOR_DEFINITIONS = (
					"DEBUG=1",
					"$(inherited)",
				);
				GCC_WARN_64_TO_32_BIT_CONVERSION = YES;
				GCC_WARN_ABOUT_RETURN_TYPE = YES_ERROR;
				GCC_WARN_UNDECLARED_SELECTOR = YES;
				GCC_WARN_UNINITIALIZED_AUTOS = YES_AGGRESSIVE;
				GCC_WARN_UNUSED_FUNCTION = YES;
				GCC_WARN_UNUSED_VARIABLE = YES;
				IPHONEOS_DEPLOYMENT_TARGET = 10.0;
				MTL_ENABLE_DEBUG_INFO = YES;
				ONLY_ACTIVE_ARCH = YES;
				SDKROOT = iphoneos;
				SWIFT_ACTIVE_COMPILATION_CONDITIONS = DEBUG;
				SWIFT_OPTIMIZATION_LEVEL = "-Onone";
				TARGETED_DEVICE_FAMILY = "1,2";
			};
			name = Debug;
		};
		7C8EF1291D5A49C300004B5C /* Release */ = {
			isa = XCBuildConfiguration;
			buildSettings = {
				ALWAYS_SEARCH_USER_PATHS = NO;
				CLANG_ANALYZER_NONNULL = YES;
				CLANG_CXX_LANGUAGE_STANDARD = "gnu++0x";
				CLANG_CXX_LIBRARY = "libc++";
				CLANG_ENABLE_MODULES = YES;
				CLANG_ENABLE_OBJC_ARC = YES;
				CLANG_WARN_BOOL_CONVERSION = YES;
				CLANG_WARN_CONSTANT_CONVERSION = YES;
				CLANG_WARN_DIRECT_OBJC_ISA_USAGE = YES_ERROR;
				CLANG_WARN_DOCUMENTATION_COMMENTS = YES;
				CLANG_WARN_EMPTY_BODY = YES;
				CLANG_WARN_ENUM_CONVERSION = YES;
				CLANG_WARN_INFINITE_RECURSION = YES;
				CLANG_WARN_INT_CONVERSION = YES;
				CLANG_WARN_OBJC_ROOT_CLASS = YES_ERROR;
				CLANG_WARN_SUSPICIOUS_MOVE = YES;
				CLANG_WARN_SUSPICIOUS_MOVES = YES;
				CLANG_WARN_UNREACHABLE_CODE = YES;
				CLANG_WARN__DUPLICATE_METHOD_MATCH = YES;
				"CODE_SIGN_IDENTITY[sdk=iphoneos*]" = "iPhone Developer";
				COPY_PHASE_STRIP = NO;
				DEBUG_INFORMATION_FORMAT = "dwarf-with-dsym";
				ENABLE_NS_ASSERTIONS = NO;
				ENABLE_STRICT_OBJC_MSGSEND = YES;
				GCC_C_LANGUAGE_STANDARD = gnu99;
				GCC_NO_COMMON_BLOCKS = YES;
				GCC_WARN_64_TO_32_BIT_CONVERSION = YES;
				GCC_WARN_ABOUT_RETURN_TYPE = YES_ERROR;
				GCC_WARN_UNDECLARED_SELECTOR = YES;
				GCC_WARN_UNINITIALIZED_AUTOS = YES_AGGRESSIVE;
				GCC_WARN_UNUSED_FUNCTION = YES;
				GCC_WARN_UNUSED_VARIABLE = YES;
				IPHONEOS_DEPLOYMENT_TARGET = 10.0;
				MTL_ENABLE_DEBUG_INFO = NO;
				SDKROOT = iphoneos;
				SWIFT_OPTIMIZATION_LEVEL = "-Owholemodule";
				TARGETED_DEVICE_FAMILY = "1,2";
				VALIDATE_PRODUCT = YES;
			};
			name = Release;
		};
		7C8EF12B1D5A49C300004B5C /* Debug */ = {
			isa = XCBuildConfiguration;
			baseConfigurationReference = EEF13FC8FABCBBC9FD61F35C /* Pods-Relisten.debug.xcconfig */;
			buildSettings = {
				ASSETCATALOG_COMPILER_APPICON_NAME = "Relisten App Icon";
				"CODE_SIGN_IDENTITY[sdk=iphoneos*]" = "iPhone Developer";
				DEVELOPMENT_TEAM = "";
				INFOPLIST_FILE = Apps/Relisten/Info.plist;
				IPHONEOS_DEPLOYMENT_TARGET = 9.0;
				LD_RUNPATH_SEARCH_PATHS = "$(inherited) @executable_path/Frameworks";
				PRODUCT_BUNDLE_IDENTIFIER = "com.alecgorge.ios.Listen-to-the-Dead";
				PRODUCT_NAME = "$(TARGET_NAME)";
				PROVISIONING_PROFILE = "";
				PROVISIONING_PROFILE_SPECIFIER = "";
				SWIFT_VERSION = 3.0;
			};
			name = Debug;
		};
		7C8EF12C1D5A49C300004B5C /* Release */ = {
			isa = XCBuildConfiguration;
			baseConfigurationReference = A82930F25AEEDCD2C5F101AD /* Pods-Relisten.release.xcconfig */;
			buildSettings = {
				ASSETCATALOG_COMPILER_APPICON_NAME = "Relisten App Icon";
				"CODE_SIGN_IDENTITY[sdk=iphoneos*]" = "iPhone Developer";
				DEVELOPMENT_TEAM = "";
				INFOPLIST_FILE = Apps/Relisten/Info.plist;
				IPHONEOS_DEPLOYMENT_TARGET = 9.0;
				LD_RUNPATH_SEARCH_PATHS = "$(inherited) @executable_path/Frameworks";
				PRODUCT_BUNDLE_IDENTIFIER = "com.alecgorge.ios.Listen-to-the-Dead";
				PRODUCT_NAME = "$(TARGET_NAME)";
				PROVISIONING_PROFILE = "";
				PROVISIONING_PROFILE_SPECIFIER = "";
				SWIFT_VERSION = 3.0;
			};
			name = Release;
		};
		7C8EF12E1D5A49C300004B5C /* Debug */ = {
			isa = XCBuildConfiguration;
			baseConfigurationReference = E0263F8B06570DBB1399A78F /* Pods-RelistenUITests.debug.xcconfig */;
			buildSettings = {
				DEVELOPMENT_TEAM = 6F33NM6S7U;
				INFOPLIST_FILE = Apps/Relisten/RelistenUITests/Info.plist;
				LD_RUNPATH_SEARCH_PATHS = "$(inherited) @executable_path/Frameworks @loader_path/Frameworks";
				PRODUCT_BUNDLE_IDENTIFIER = xnotused.com.alecgorge.RelistenUITests;
				PRODUCT_NAME = "$(TARGET_NAME)";
				SWIFT_VERSION = 3.0;
				TEST_TARGET_NAME = Relisten;
			};
			name = Debug;
		};
		7C8EF12F1D5A49C300004B5C /* Release */ = {
			isa = XCBuildConfiguration;
			baseConfigurationReference = 862FFDD760C11125F0D3CC56 /* Pods-RelistenUITests.release.xcconfig */;
			buildSettings = {
				DEVELOPMENT_TEAM = 6F33NM6S7U;
				INFOPLIST_FILE = Apps/Relisten/RelistenUITests/Info.plist;
				LD_RUNPATH_SEARCH_PATHS = "$(inherited) @executable_path/Frameworks @loader_path/Frameworks";
				PRODUCT_BUNDLE_IDENTIFIER = xnotused.com.alecgorge.RelistenUITests;
				PRODUCT_NAME = "$(TARGET_NAME)";
				SWIFT_VERSION = 3.0;
				TEST_TARGET_NAME = Relisten;
			};
			name = Release;
		};
/* End XCBuildConfiguration section */

/* Begin XCConfigurationList section */
		7C449EBA1D5A4F4300750D54 /* Build configuration list for PBXNativeTarget "PhishOD" */ = {
			isa = XCConfigurationList;
			buildConfigurations = (
				7C449EB61D5A4F4300750D54 /* Debug */,
				7C449EB71D5A4F4300750D54 /* Release */,
			);
			defaultConfigurationIsVisible = 0;
			defaultConfigurationName = Release;
		};
		7C449EBB1D5A4F4300750D54 /* Build configuration list for PBXNativeTarget "PhishODUITests" */ = {
			isa = XCConfigurationList;
			buildConfigurations = (
				7C449EB81D5A4F4300750D54 /* Debug */,
				7C449EB91D5A4F4300750D54 /* Release */,
			);
			defaultConfigurationIsVisible = 0;
			defaultConfigurationName = Release;
		};
		7C8EF1081D5A49C200004B5C /* Build configuration list for PBXProject "Relisten" */ = {
			isa = XCConfigurationList;
			buildConfigurations = (
				7C8EF1281D5A49C300004B5C /* Debug */,
				7C8EF1291D5A49C300004B5C /* Release */,
			);
			defaultConfigurationIsVisible = 0;
			defaultConfigurationName = Release;
		};
		7C8EF12A1D5A49C300004B5C /* Build configuration list for PBXNativeTarget "Relisten" */ = {
			isa = XCConfigurationList;
			buildConfigurations = (
				7C8EF12B1D5A49C300004B5C /* Debug */,
				7C8EF12C1D5A49C300004B5C /* Release */,
			);
			defaultConfigurationIsVisible = 0;
			defaultConfigurationName = Release;
		};
		7C8EF12D1D5A49C300004B5C /* Build configuration list for PBXNativeTarget "RelistenUITests" */ = {
			isa = XCConfigurationList;
			buildConfigurations = (
				7C8EF12E1D5A49C300004B5C /* Debug */,
				7C8EF12F1D5A49C300004B5C /* Release */,
			);
			defaultConfigurationIsVisible = 0;
			defaultConfigurationName = Release;
		};
/* End XCConfigurationList section */
	};
	rootObject = 7C8EF1051D5A49C200004B5C /* Project object */;
}
